// !$*UTF8*$!
{
	archiveVersion = 1;
	classes = {
	};
	objectVersion = 50;
	objects = {

/* Begin PBXBuildFile section */
		ED2D6E3F240B613500FEB222 /* NapApp WatchKit App.app in Embed Watch Content */ = {isa = PBXBuildFile; fileRef = ED2D6E3E240B613500FEB222 /* NapApp WatchKit App.app */; settings = {ATTRIBUTES = (RemoveHeadersOnCopy, ); }; };
		ED2D6E45240B613500FEB222 /* Interface.storyboard in Resources */ = {isa = PBXBuildFile; fileRef = ED2D6E43240B613500FEB222 /* Interface.storyboard */; };
		ED2D6E47240B613900FEB222 /* Assets.xcassets in Resources */ = {isa = PBXBuildFile; fileRef = ED2D6E46240B613900FEB222 /* Assets.xcassets */; };
		ED2D6E4E240B613900FEB222 /* NapApp WatchKit Extension.appex in Embed App Extensions */ = {isa = PBXBuildFile; fileRef = ED2D6E4D240B613900FEB222 /* NapApp WatchKit Extension.appex */; settings = {ATTRIBUTES = (RemoveHeadersOnCopy, ); }; };
		ED2D6E53240B613900FEB222 /* MainView.swift in Sources */ = {isa = PBXBuildFile; fileRef = ED2D6E52240B613900FEB222 /* MainView.swift */; };
		ED2D6E55240B613900FEB222 /* HostingController.swift in Sources */ = {isa = PBXBuildFile; fileRef = ED2D6E54240B613900FEB222 /* HostingController.swift */; };
		ED2D6E57240B613900FEB222 /* ExtensionDelegate.swift in Sources */ = {isa = PBXBuildFile; fileRef = ED2D6E56240B613900FEB222 /* ExtensionDelegate.swift */; };
		ED2D6E59240B613A00FEB222 /* Assets.xcassets in Resources */ = {isa = PBXBuildFile; fileRef = ED2D6E58240B613A00FEB222 /* Assets.xcassets */; };
		ED2D6E5C240B613A00FEB222 /* Preview Assets.xcassets in Resources */ = {isa = PBXBuildFile; fileRef = ED2D6E5B240B613A00FEB222 /* Preview Assets.xcassets */; };
/* End PBXBuildFile section */

/* Begin PBXContainerItemProxy section */
		ED2D6E40240B613500FEB222 /* PBXContainerItemProxy */ = {
			isa = PBXContainerItemProxy;
			containerPortal = ED2D6E34240B613500FEB222 /* Project object */;
			proxyType = 1;
			remoteGlobalIDString = ED2D6E3D240B613500FEB222;
			remoteInfo = "NapApp WatchKit App";
		};
		ED2D6E4F240B613900FEB222 /* PBXContainerItemProxy */ = {
			isa = PBXContainerItemProxy;
			containerPortal = ED2D6E34240B613500FEB222 /* Project object */;
			proxyType = 1;
			remoteGlobalIDString = ED2D6E4C240B613900FEB222;
			remoteInfo = "NapApp WatchKit Extension";
		};
/* End PBXContainerItemProxy section */

/* Begin PBXCopyFilesBuildPhase section */
		ED2D6E63240B613A00FEB222 /* Embed App Extensions */ = {
			isa = PBXCopyFilesBuildPhase;
			buildActionMask = 2147483647;
			dstPath = "";
			dstSubfolderSpec = 13;
			files = (
				ED2D6E4E240B613900FEB222 /* NapApp WatchKit Extension.appex in Embed App Extensions */,
			);
			name = "Embed App Extensions";
			runOnlyForDeploymentPostprocessing = 0;
		};
		ED2D6E67240B613A00FEB222 /* Embed Watch Content */ = {
			isa = PBXCopyFilesBuildPhase;
			buildActionMask = 2147483647;
			dstPath = "$(CONTENTS_FOLDER_PATH)/Watch";
			dstSubfolderSpec = 16;
			files = (
				ED2D6E3F240B613500FEB222 /* NapApp WatchKit App.app in Embed Watch Content */,
			);
			name = "Embed Watch Content";
			runOnlyForDeploymentPostprocessing = 0;
		};
/* End PBXCopyFilesBuildPhase section */

/* Begin PBXFileReference section */
		ED2D6E3A240B613500FEB222 /* NapApp.app */ = {isa = PBXFileReference; explicitFileType = wrapper.application; includeInIndex = 0; path = NapApp.app; sourceTree = BUILT_PRODUCTS_DIR; };
		ED2D6E3E240B613500FEB222 /* NapApp WatchKit App.app */ = {isa = PBXFileReference; explicitFileType = wrapper.application; includeInIndex = 0; path = "NapApp WatchKit App.app"; sourceTree = BUILT_PRODUCTS_DIR; };
		ED2D6E44240B613500FEB222 /* Base */ = {isa = PBXFileReference; lastKnownFileType = file.storyboard; name = Base; path = Base.lproj/Interface.storyboard; sourceTree = "<group>"; };
		ED2D6E46240B613900FEB222 /* Assets.xcassets */ = {isa = PBXFileReference; lastKnownFileType = folder.assetcatalog; path = Assets.xcassets; sourceTree = "<group>"; };
		ED2D6E48240B613900FEB222 /* Info.plist */ = {isa = PBXFileReference; lastKnownFileType = text.plist.xml; path = Info.plist; sourceTree = "<group>"; };
		ED2D6E4D240B613900FEB222 /* NapApp WatchKit Extension.appex */ = {isa = PBXFileReference; explicitFileType = "wrapper.app-extension"; includeInIndex = 0; path = "NapApp WatchKit Extension.appex"; sourceTree = BUILT_PRODUCTS_DIR; };
		ED2D6E52240B613900FEB222 /* MainView.swift */ = {isa = PBXFileReference; lastKnownFileType = sourcecode.swift; path = MainView.swift; sourceTree = "<group>"; };
		ED2D6E54240B613900FEB222 /* HostingController.swift */ = {isa = PBXFileReference; lastKnownFileType = sourcecode.swift; path = HostingController.swift; sourceTree = "<group>"; };
		ED2D6E56240B613900FEB222 /* ExtensionDelegate.swift */ = {isa = PBXFileReference; lastKnownFileType = sourcecode.swift; path = ExtensionDelegate.swift; sourceTree = "<group>"; };
		ED2D6E58240B613A00FEB222 /* Assets.xcassets */ = {isa = PBXFileReference; lastKnownFileType = folder.assetcatalog; path = Assets.xcassets; sourceTree = "<group>"; };
		ED2D6E5B240B613A00FEB222 /* Preview Assets.xcassets */ = {isa = PBXFileReference; lastKnownFileType = folder.assetcatalog; path = "Preview Assets.xcassets"; sourceTree = "<group>"; };
		ED2D6E5D240B613A00FEB222 /* Info.plist */ = {isa = PBXFileReference; lastKnownFileType = text.plist.xml; path = Info.plist; sourceTree = "<group>"; };
/* End PBXFileReference section */

/* Begin PBXFrameworksBuildPhase section */
		ED2D6E4A240B613900FEB222 /* Frameworks */ = {
			isa = PBXFrameworksBuildPhase;
			buildActionMask = 2147483647;
			files = (
			);
			runOnlyForDeploymentPostprocessing = 0;
		};
/* End PBXFrameworksBuildPhase section */

/* Begin PBXGroup section */
		ED2D6E33240B613500FEB222 = {
			isa = PBXGroup;
			children = (
				ED2D6E42240B613500FEB222 /* NapApp WatchKit App */,
				ED2D6E51240B613900FEB222 /* NapApp WatchKit Extension */,
				ED2D6E3B240B613500FEB222 /* Products */,
			);
			sourceTree = "<group>";
		};
		ED2D6E3B240B613500FEB222 /* Products */ = {
			isa = PBXGroup;
			children = (
				ED2D6E3A240B613500FEB222 /* NapApp.app */,
				ED2D6E3E240B613500FEB222 /* NapApp WatchKit App.app */,
				ED2D6E4D240B613900FEB222 /* NapApp WatchKit Extension.appex */,
			);
			name = Products;
			sourceTree = "<group>";
		};
		ED2D6E42240B613500FEB222 /* NapApp WatchKit App */ = {
			isa = PBXGroup;
			children = (
				ED2D6E43240B613500FEB222 /* Interface.storyboard */,
				ED2D6E46240B613900FEB222 /* Assets.xcassets */,
				ED2D6E48240B613900FEB222 /* Info.plist */,
			);
			path = "NapApp WatchKit App";
			sourceTree = "<group>";
		};
		ED2D6E51240B613900FEB222 /* NapApp WatchKit Extension */ = {
			isa = PBXGroup;
			children = (
				ED2D6E52240B613900FEB222 /* MainView.swift */,
				ED2D6E54240B613900FEB222 /* HostingController.swift */,
				ED2D6E56240B613900FEB222 /* ExtensionDelegate.swift */,
				ED2D6E58240B613A00FEB222 /* Assets.xcassets */,
				ED2D6E5D240B613A00FEB222 /* Info.plist */,
				ED2D6E5A240B613A00FEB222 /* Preview Content */,
			);
			path = "NapApp WatchKit Extension";
			sourceTree = "<group>";
		};
		ED2D6E5A240B613A00FEB222 /* Preview Content */ = {
			isa = PBXGroup;
			children = (
				ED2D6E5B240B613A00FEB222 /* Preview Assets.xcassets */,
			);
			path = "Preview Content";
			sourceTree = "<group>";
		};
/* End PBXGroup section */

/* Begin PBXNativeTarget section */
		ED2D6E39240B613500FEB222 /* NapApp */ = {
			isa = PBXNativeTarget;
			buildConfigurationList = ED2D6E68240B613A00FEB222 /* Build configuration list for PBXNativeTarget "NapApp" */;
			buildPhases = (
				ED2D6E38240B613500FEB222 /* Resources */,
				ED2D6E67240B613A00FEB222 /* Embed Watch Content */,
			);
			buildRules = (
			);
			dependencies = (
				ED2D6E41240B613500FEB222 /* PBXTargetDependency */,
			);
			name = NapApp;
			productName = NapApp;
			productReference = ED2D6E3A240B613500FEB222 /* NapApp.app */;
			productType = "com.apple.product-type.application.watchapp2-container";
		};
		ED2D6E3D240B613500FEB222 /* NapApp WatchKit App */ = {
			isa = PBXNativeTarget;
			buildConfigurationList = ED2D6E64240B613A00FEB222 /* Build configuration list for PBXNativeTarget "NapApp WatchKit App" */;
			buildPhases = (
				ED2D6E3C240B613500FEB222 /* Resources */,
				ED2D6E63240B613A00FEB222 /* Embed App Extensions */,
			);
			buildRules = (
			);
			dependencies = (
				ED2D6E50240B613900FEB222 /* PBXTargetDependency */,
			);
			name = "NapApp WatchKit App";
			productName = "NapApp WatchKit App";
			productReference = ED2D6E3E240B613500FEB222 /* NapApp WatchKit App.app */;
			productType = "com.apple.product-type.application.watchapp2";
		};
		ED2D6E4C240B613900FEB222 /* NapApp WatchKit Extension */ = {
			isa = PBXNativeTarget;
			buildConfigurationList = ED2D6E60240B613A00FEB222 /* Build configuration list for PBXNativeTarget "NapApp WatchKit Extension" */;
			buildPhases = (
				ED2D6E49240B613900FEB222 /* Sources */,
				ED2D6E4A240B613900FEB222 /* Frameworks */,
				ED2D6E4B240B613900FEB222 /* Resources */,
			);
			buildRules = (
			);
			dependencies = (
			);
			name = "NapApp WatchKit Extension";
			productName = "NapApp WatchKit Extension";
			productReference = ED2D6E4D240B613900FEB222 /* NapApp WatchKit Extension.appex */;
			productType = "com.apple.product-type.watchkit2-extension";
		};
/* End PBXNativeTarget section */

/* Begin PBXProject section */
		ED2D6E34240B613500FEB222 /* Project object */ = {
			isa = PBXProject;
			attributes = {
				LastSwiftUpdateCheck = 1140;
				LastUpgradeCheck = 1140;
				ORGANIZATIONNAME = "Mark Schmidt";
				TargetAttributes = {
					ED2D6E39240B613500FEB222 = {
						CreatedOnToolsVersion = 11.4;
					};
					ED2D6E3D240B613500FEB222 = {
						CreatedOnToolsVersion = 11.4;
					};
					ED2D6E4C240B613900FEB222 = {
						CreatedOnToolsVersion = 11.4;
					};
				};
			};
			buildConfigurationList = ED2D6E37240B613500FEB222 /* Build configuration list for PBXProject "NapApp" */;
			compatibilityVersion = "Xcode 9.3";
			developmentRegion = en;
			hasScannedForEncodings = 0;
			knownRegions = (
				en,
				Base,
			);
			mainGroup = ED2D6E33240B613500FEB222;
			productRefGroup = ED2D6E3B240B613500FEB222 /* Products */;
			projectDirPath = "";
			projectRoot = "";
			targets = (
				ED2D6E39240B613500FEB222 /* NapApp */,
				ED2D6E3D240B613500FEB222 /* NapApp WatchKit App */,
				ED2D6E4C240B613900FEB222 /* NapApp WatchKit Extension */,
			);
		};
/* End PBXProject section */

/* Begin PBXResourcesBuildPhase section */
		ED2D6E38240B613500FEB222 /* Resources */ = {
			isa = PBXResourcesBuildPhase;
			buildActionMask = 2147483647;
			files = (
			);
			runOnlyForDeploymentPostprocessing = 0;
		};
		ED2D6E3C240B613500FEB222 /* Resources */ = {
			isa = PBXResourcesBuildPhase;
			buildActionMask = 2147483647;
			files = (
				ED2D6E47240B613900FEB222 /* Assets.xcassets in Resources */,
				ED2D6E45240B613500FEB222 /* Interface.storyboard in Resources */,
			);
			runOnlyForDeploymentPostprocessing = 0;
		};
		ED2D6E4B240B613900FEB222 /* Resources */ = {
			isa = PBXResourcesBuildPhase;
			buildActionMask = 2147483647;
			files = (
				ED2D6E5C240B613A00FEB222 /* Preview Assets.xcassets in Resources */,
				ED2D6E59240B613A00FEB222 /* Assets.xcassets in Resources */,
			);
			runOnlyForDeploymentPostprocessing = 0;
		};
/* End PBXResourcesBuildPhase section */

/* Begin PBXSourcesBuildPhase section */
		ED2D6E49240B613900FEB222 /* Sources */ = {
			isa = PBXSourcesBuildPhase;
			buildActionMask = 2147483647;
			files = (
				ED2D6E55240B613900FEB222 /* HostingController.swift in Sources */,
				ED2D6E53240B613900FEB222 /* MainView.swift in Sources */,
				ED2D6E57240B613900FEB222 /* ExtensionDelegate.swift in Sources */,
			);
			runOnlyForDeploymentPostprocessing = 0;
		};
/* End PBXSourcesBuildPhase section */

/* Begin PBXTargetDependency section */
		ED2D6E41240B613500FEB222 /* PBXTargetDependency */ = {
			isa = PBXTargetDependency;
			target = ED2D6E3D240B613500FEB222 /* NapApp WatchKit App */;
			targetProxy = ED2D6E40240B613500FEB222 /* PBXContainerItemProxy */;
		};
		ED2D6E50240B613900FEB222 /* PBXTargetDependency */ = {
			isa = PBXTargetDependency;
			target = ED2D6E4C240B613900FEB222 /* NapApp WatchKit Extension */;
			targetProxy = ED2D6E4F240B613900FEB222 /* PBXContainerItemProxy */;
		};
/* End PBXTargetDependency section */

/* Begin PBXVariantGroup section */
		ED2D6E43240B613500FEB222 /* Interface.storyboard */ = {
			isa = PBXVariantGroup;
			children = (
				ED2D6E44240B613500FEB222 /* Base */,
			);
			name = Interface.storyboard;
			sourceTree = "<group>";
		};
/* End PBXVariantGroup section */

/* Begin XCBuildConfiguration section */
		ED2D6E5E240B613A00FEB222 /* Debug */ = {
			isa = XCBuildConfiguration;
			buildSettings = {
				ALWAYS_SEARCH_USER_PATHS = NO;
				CLANG_ANALYZER_NONNULL = YES;
				CLANG_ANALYZER_NUMBER_OBJECT_CONVERSION = YES_AGGRESSIVE;
				CLANG_CXX_LANGUAGE_STANDARD = "gnu++14";
				CLANG_CXX_LIBRARY = "libc++";
				CLANG_ENABLE_MODULES = YES;
				CLANG_ENABLE_OBJC_ARC = YES;
				CLANG_ENABLE_OBJC_WEAK = YES;
				CLANG_WARN_BLOCK_CAPTURE_AUTORELEASING = YES;
				CLANG_WARN_BOOL_CONVERSION = YES;
				CLANG_WARN_COMMA = YES;
				CLANG_WARN_CONSTANT_CONVERSION = YES;
				CLANG_WARN_DEPRECATED_OBJC_IMPLEMENTATIONS = YES;
				CLANG_WARN_DIRECT_OBJC_ISA_USAGE = YES_ERROR;
				CLANG_WARN_DOCUMENTATION_COMMENTS = YES;
				CLANG_WARN_EMPTY_BODY = YES;
				CLANG_WARN_ENUM_CONVERSION = YES;
				CLANG_WARN_INFINITE_RECURSION = YES;
				CLANG_WARN_INT_CONVERSION = YES;
				CLANG_WARN_NON_LITERAL_NULL_CONVERSION = YES;
				CLANG_WARN_OBJC_IMPLICIT_RETAIN_SELF = YES;
				CLANG_WARN_OBJC_LITERAL_CONVERSION = YES;
				CLANG_WARN_OBJC_ROOT_CLASS = YES_ERROR;
				CLANG_WARN_RANGE_LOOP_ANALYSIS = YES;
				CLANG_WARN_STRICT_PROTOTYPES = YES;
				CLANG_WARN_SUSPICIOUS_MOVE = YES;
				CLANG_WARN_UNGUARDED_AVAILABILITY = YES_AGGRESSIVE;
				CLANG_WARN_UNREACHABLE_CODE = YES;
				CLANG_WARN__DUPLICATE_METHOD_MATCH = YES;
				COPY_PHASE_STRIP = NO;
				DEBUG_INFORMATION_FORMAT = dwarf;
				ENABLE_STRICT_OBJC_MSGSEND = YES;
				ENABLE_TESTABILITY = YES;
				GCC_C_LANGUAGE_STANDARD = gnu11;
				GCC_DYNAMIC_NO_PIC = NO;
				GCC_NO_COMMON_BLOCKS = YES;
				GCC_OPTIMIZATION_LEVEL = 0;
				GCC_PREPROCESSOR_DEFINITIONS = (
					"DEBUG=1",
					"$(inherited)",
				);
				GCC_WARN_64_TO_32_BIT_CONVERSION = YES;
				GCC_WARN_ABOUT_RETURN_TYPE = YES_ERROR;
				GCC_WARN_UNDECLARED_SELECTOR = YES;
				GCC_WARN_UNINITIALIZED_AUTOS = YES_AGGRESSIVE;
				GCC_WARN_UNUSED_FUNCTION = YES;
				GCC_WARN_UNUSED_VARIABLE = YES;
				MTL_ENABLE_DEBUG_INFO = INCLUDE_SOURCE;
				MTL_FAST_MATH = YES;
				ONLY_ACTIVE_ARCH = YES;
				SDKROOT = iphoneos;
				SWIFT_ACTIVE_COMPILATION_CONDITIONS = DEBUG;
				SWIFT_OPTIMIZATION_LEVEL = "-Onone";
			};
			name = Debug;
		};
		ED2D6E5F240B613A00FEB222 /* Release */ = {
			isa = XCBuildConfiguration;
			buildSettings = {
				ALWAYS_SEARCH_USER_PATHS = NO;
				CLANG_ANALYZER_NONNULL = YES;
				CLANG_ANALYZER_NUMBER_OBJECT_CONVERSION = YES_AGGRESSIVE;
				CLANG_CXX_LANGUAGE_STANDARD = "gnu++14";
				CLANG_CXX_LIBRARY = "libc++";
				CLANG_ENABLE_MODULES = YES;
				CLANG_ENABLE_OBJC_ARC = YES;
				CLANG_ENABLE_OBJC_WEAK = YES;
				CLANG_WARN_BLOCK_CAPTURE_AUTORELEASING = YES;
				CLANG_WARN_BOOL_CONVERSION = YES;
				CLANG_WARN_COMMA = YES;
				CLANG_WARN_CONSTANT_CONVERSION = YES;
				CLANG_WARN_DEPRECATED_OBJC_IMPLEMENTATIONS = YES;
				CLANG_WARN_DIRECT_OBJC_ISA_USAGE = YES_ERROR;
				CLANG_WARN_DOCUMENTATION_COMMENTS = YES;
				CLANG_WARN_EMPTY_BODY = YES;
				CLANG_WARN_ENUM_CONVERSION = YES;
				CLANG_WARN_INFINITE_RECURSION = YES;
				CLANG_WARN_INT_CONVERSION = YES;
				CLANG_WARN_NON_LITERAL_NULL_CONVERSION = YES;
				CLANG_WARN_OBJC_IMPLICIT_RETAIN_SELF = YES;
				CLANG_WARN_OBJC_LITERAL_CONVERSION = YES;
				CLANG_WARN_OBJC_ROOT_CLASS = YES_ERROR;
				CLANG_WARN_RANGE_LOOP_ANALYSIS = YES;
				CLANG_WARN_STRICT_PROTOTYPES = YES;
				CLANG_WARN_SUSPICIOUS_MOVE = YES;
				CLANG_WARN_UNGUARDED_AVAILABILITY = YES_AGGRESSIVE;
				CLANG_WARN_UNREACHABLE_CODE = YES;
				CLANG_WARN__DUPLICATE_METHOD_MATCH = YES;
				COPY_PHASE_STRIP = NO;
				DEBUG_INFORMATION_FORMAT = "dwarf-with-dsym";
				ENABLE_NS_ASSERTIONS = NO;
				ENABLE_STRICT_OBJC_MSGSEND = YES;
				GCC_C_LANGUAGE_STANDARD = gnu11;
				GCC_NO_COMMON_BLOCKS = YES;
				GCC_WARN_64_TO_32_BIT_CONVERSION = YES;
				GCC_WARN_ABOUT_RETURN_TYPE = YES_ERROR;
				GCC_WARN_UNDECLARED_SELECTOR = YES;
				GCC_WARN_UNINITIALIZED_AUTOS = YES_AGGRESSIVE;
				GCC_WARN_UNUSED_FUNCTION = YES;
				GCC_WARN_UNUSED_VARIABLE = YES;
				MTL_ENABLE_DEBUG_INFO = NO;
				MTL_FAST_MATH = YES;
				SDKROOT = iphoneos;
				SWIFT_COMPILATION_MODE = wholemodule;
				SWIFT_OPTIMIZATION_LEVEL = "-O";
				VALIDATE_PRODUCT = YES;
			};
			name = Release;
		};
		ED2D6E61240B613A00FEB222 /* Debug */ = {
			isa = XCBuildConfiguration;
			buildSettings = {
				ASSETCATALOG_COMPILER_COMPLICATION_NAME = Complication;
				CODE_SIGN_STYLE = Automatic;
				DEVELOPMENT_ASSET_PATHS = "\"NapApp WatchKit Extension/Preview Content\"";
				DEVELOPMENT_TEAM = C2UW47HS8X;
				ENABLE_PREVIEWS = YES;
				INFOPLIST_FILE = "NapApp WatchKit Extension/Info.plist";
				LD_RUNPATH_SEARCH_PATHS = (
					"$(inherited)",
					"@executable_path/Frameworks",
					"@executable_path/../../Frameworks",
				);
				PRODUCT_BUNDLE_IDENTIFIER = com.markschmidt.NapApp.watchkitapp.watchkitextension;
				PRODUCT_NAME = "${TARGET_NAME}";
				SDKROOT = watchos;
				SKIP_INSTALL = YES;
				SWIFT_VERSION = 5.0;
				TARGETED_DEVICE_FAMILY = 4;
				WATCHOS_DEPLOYMENT_TARGET = 6.2;
			};
			name = Debug;
		};
		ED2D6E62240B613A00FEB222 /* Release */ = {
			isa = XCBuildConfiguration;
			buildSettings = {
				ASSETCATALOG_COMPILER_COMPLICATION_NAME = Complication;
				CODE_SIGN_STYLE = Automatic;
				DEVELOPMENT_ASSET_PATHS = "\"NapApp WatchKit Extension/Preview Content\"";
				DEVELOPMENT_TEAM = C2UW47HS8X;
				ENABLE_PREVIEWS = YES;
				INFOPLIST_FILE = "NapApp WatchKit Extension/Info.plist";
				LD_RUNPATH_SEARCH_PATHS = (
					"$(inherited)",
					"@executable_path/Frameworks",
					"@executable_path/../../Frameworks",
				);
				PRODUCT_BUNDLE_IDENTIFIER = com.markschmidt.NapApp.watchkitapp.watchkitextension;
				PRODUCT_NAME = "${TARGET_NAME}";
				SDKROOT = watchos;
				SKIP_INSTALL = YES;
				SWIFT_VERSION = 5.0;
				TARGETED_DEVICE_FAMILY = 4;
				WATCHOS_DEPLOYMENT_TARGET = 6.2;
			};
			name = Release;
		};
		ED2D6E65240B613A00FEB222 /* Debug */ = {
			isa = XCBuildConfiguration;
			buildSettings = {
				ALWAYS_EMBED_SWIFT_STANDARD_LIBRARIES = YES;
				ASSETCATALOG_COMPILER_APPICON_NAME = AppIcon;
				CODE_SIGN_STYLE = Automatic;
				DEVELOPMENT_TEAM = C2UW47HS8X;
				IBSC_MODULE = NapApp_WatchKit_Extension;
				INFOPLIST_FILE = "NapApp WatchKit App/Info.plist";
				PRODUCT_BUNDLE_IDENTIFIER = com.markschmidt.NapApp.watchkitapp;
				PRODUCT_NAME = "$(TARGET_NAME)";
				SDKROOT = watchos;
				SKIP_INSTALL = YES;
				SWIFT_VERSION = 5.0;
				TARGETED_DEVICE_FAMILY = 4;
				WATCHOS_DEPLOYMENT_TARGET = 6.2;
			};
			name = Debug;
		};
		ED2D6E66240B613A00FEB222 /* Release */ = {
			isa = XCBuildConfiguration;
			buildSettings = {
				ALWAYS_EMBED_SWIFT_STANDARD_LIBRARIES = YES;
				ASSETCATALOG_COMPILER_APPICON_NAME = AppIcon;
				CODE_SIGN_STYLE = Automatic;
				DEVELOPMENT_TEAM = C2UW47HS8X;
				IBSC_MODULE = NapApp_WatchKit_Extension;
				INFOPLIST_FILE = "NapApp WatchKit App/Info.plist";
				PRODUCT_BUNDLE_IDENTIFIER = com.markschmidt.NapApp.watchkitapp;
				PRODUCT_NAME = "$(TARGET_NAME)";
				SDKROOT = watchos;
				SKIP_INSTALL = YES;
				SWIFT_VERSION = 5.0;
				TARGETED_DEVICE_FAMILY = 4;
				WATCHOS_DEPLOYMENT_TARGET = 6.2;
			};
			name = Release;
		};
		ED2D6E69240B613A00FEB222 /* Debug */ = {
			isa = XCBuildConfiguration;
			buildSettings = {
				CODE_SIGN_STYLE = Automatic;
				CURRENT_PROJECT_VERSION = 1;
				DEVELOPMENT_TEAM = C2UW47HS8X;
				MARKETING_VERSION = 1.0;
				PRODUCT_BUNDLE_IDENTIFIER = com.markschmidt.NapApp;
				PRODUCT_NAME = "$(TARGET_NAME)";
				SWIFT_VERSION = 5.0;
			};
			name = Debug;
		};
		ED2D6E6A240B613A00FEB222 /* Release */ = {
			isa = XCBuildConfiguration;
			buildSettings = {
				CODE_SIGN_STYLE = Automatic;
				CURRENT_PROJECT_VERSION = 1;
				DEVELOPMENT_TEAM = C2UW47HS8X;
				MARKETING_VERSION = 1.0;
				PRODUCT_BUNDLE_IDENTIFIER = com.markschmidt.NapApp;
				PRODUCT_NAME = "$(TARGET_NAME)";
				SWIFT_VERSION = 5.0;
			};
			name = Release;
		};
/* End XCBuildConfiguration section */

/* Begin XCConfigurationList section */
		ED2D6E37240B613500FEB222 /* Build configuration list for PBXProject "NapApp" */ = {
			isa = XCConfigurationList;
			buildConfigurations = (
				ED2D6E5E240B613A00FEB222 /* Debug */,
				ED2D6E5F240B613A00FEB222 /* Release */,
			);
			defaultConfigurationIsVisible = 0;
			defaultConfigurationName = Release;
		};
		ED2D6E60240B613A00FEB222 /* Build configuration list for PBXNativeTarget "NapApp WatchKit Extension" */ = {
			isa = XCConfigurationList;
			buildConfigurations = (
				ED2D6E61240B613A00FEB222 /* Debug */,
				ED2D6E62240B613A00FEB222 /* Release */,
			);
			defaultConfigurationIsVisible = 0;
			defaultConfigurationName = Release;
		};
		ED2D6E64240B613A00FEB222 /* Build configuration list for PBXNativeTarget "NapApp WatchKit App" */ = {
			isa = XCConfigurationList;
			buildConfigurations = (
				ED2D6E65240B613A00FEB222 /* Debug */,
				ED2D6E66240B613A00FEB222 /* Release */,
			);
			defaultConfigurationIsVisible = 0;
			defaultConfigurationName = Release;
		};
		ED2D6E68240B613A00FEB222 /* Build configuration list for PBXNativeTarget "NapApp" */ = {
			isa = XCConfigurationList;
			buildConfigurations = (
				ED2D6E69240B613A00FEB222 /* Debug */,
				ED2D6E6A240B613A00FEB222 /* Release */,
			);
			defaultConfigurationIsVisible = 0;
			defaultConfigurationName = Release;
		};
/* End XCConfigurationList section */
	};
	rootObject = ED2D6E34240B613500FEB222 /* Project object */;
}
